
Microsoft Visual Studio Solution File, Format Version 12.00
# Visual Studio 15
VisualStudioVersion = 15.0.28307.645
MinimumVisualStudioVersion = 10.0.40219.1
Project("{FAE04EC0-301F-11D3-BF4B-00C04F79EFBC}") = "BlobStorageDemo", "BlobStorageDemo\BlobStorageDemo.csproj", "{0C53CA01-A44C-452A-A21E-E0FD9EC92D45}"
EndProject
Global
	GlobalSection(SolutionConfigurationPlatforms) = preSolution
		Debug|Any CPU = Debug|Any CPU
		Release|Any CPU = Release|Any CPU
	EndGlobalSection
	GlobalSection(ProjectConfigurationPlatforms) = postSolution
		{0C53CA01-A44C-452A-A21E-E0FD9EC92D45}.Debug|Any CPU.ActiveCfg = Debug|Any CPU
		{0C53CA01-A44C-452A-A21E-E0FD9EC92D45}.Debug|Any CPU.Build.0 = Debug|Any CPU
		{0C53CA01-A44C-452A-A21E-E0FD9EC92D45}.Release|Any CPU.ActiveCfg = Release|Any CPU
		{0C53CA01-A44C-452A-A21E-E0FD9EC92D45}.Release|Any CPU.Build.0 = Release|Any CPU
	EndGlobalSection
	GlobalSection(SolutionProperties) = preSolution
		HideSolutionNode = FALSE
	EndGlobalSection
	GlobalSection(ExtensibilityGlobals) = postSolution
		SolutionGuid = {64360749-8E8C-4B15-9E98-F87F204B518A}
	EndGlobalSection
EndGlobal
